<?xml version="1.0" encoding="utf-8"?>
<Project ToolsVersion="4.0" xmlns="http://schemas.microsoft.com/developer/msbuild/2003">
  <ItemGroup>
    <Filter Include="Source Files">
      <UniqueIdentifier>{5FC737F1-C7A5-4366-A066-2A32D752A2FF}</UniqueIdentifier>
      <Extensions>cpp;c;cc;cxx;def;odl;idl;hpj;bat;asm;asmx</Extensions>
    </Filter>
    <Filter Include="Header Files">
      <UniqueIdentifier>{93995380-89BD-4b01-78EB-625FBE52EBFB}</UniqueIdentifier>
      <Extensions>h;hpp;hxx;hm;inl;inc;xsd</Extensions>
    </Filter>
    <Filter Include="Resources">
      <UniqueIdentifier>{166cc647-1b99-445e-969a-eb6dd9fc4d2d}</UniqueIdentifier>
    </Filter>
    <Filter Include="Source Files\db">
      <UniqueIdentifier>{97a579d7-03a2-4b71-a315-c8799214e268}</UniqueIdentifier>
    </Filter>
    <Filter Include="Source Files\util">
      <UniqueIdentifier>{82147da2-ab12-4373-9024-2d67ee28cb88}</UniqueIdentifier>
    </Filter>
    <Filter Include="Source Files\port">
      <UniqueIdentifier>{aa65ab04-7ed6-444e-85bb-d7864e3e3149}</UniqueIdentifier>
    </Filter>
    <Filter Include="Source Files\table">
      <UniqueIdentifier>{4428929b-67dd-4dac-80b0-7d8bad4d3431}</UniqueIdentifier>
    </Filter>
  </ItemGroup>
  <ItemGroup>
    <ClCompile Include="db\db_impl.cc">
      <Filter>Source Files\db</Filter>
    </ClCompile>
    <ClCompile Include="db\write_batch.cc">
      <Filter>Source Files\db</Filter>
    </ClCompile>
    <ClCompile Include="db\memtable.cc">
      <Filter>Source Files\db</Filter>
    </ClCompile>
    <ClCompile Include="util\coding.cc">
      <Filter>Source Files\util</Filter>
    </ClCompile>
    <ClCompile Include="db\version_set.cc">
      <Filter>Source Files\db</Filter>
    </ClCompile>
    <ClCompile Include="db\log_reader.cc">
      <Filter>Source Files\db</Filter>
    </ClCompile>
    <ClCompile Include="db\dbformat.cc">
      <Filter>Source Files\db</Filter>
    </ClCompile>
    <ClCompile Include="port\port_win.cc">
      <Filter>Source Files\port</Filter>
    </ClCompile>
    <ClCompile Include="util\filter_policy.cc">
      <Filter>Source Files\util</Filter>
    </ClCompile>
    <ClCompile Include="table\table_builder.cc">
      <Filter>Source Files\table</Filter>
    </ClCompile>
    <ClCompile Include="util\status.cc">
      <Filter>Source Files\util</Filter>
    </ClCompile>
    <ClCompile Include="util\cache.cc">
      <Filter>Source Files\util</Filter>
    </ClCompile>
    <ClCompile Include="table\two_level_iterator.cc">
      <Filter>Source Files\table</Filter>
    </ClCompile>
    <ClCompile Include="db\table_cache.cc">
      <Filter>Source Files\db</Filter>
    </ClCompile>
    <ClCompile Include="util\arena.cc">
      <Filter>Source Files\util</Filter>
    </ClCompile>
    <ClCompile Include="util\crc32c.cc">
      <Filter>Source Files\util</Filter>
    </ClCompile>
    <ClCompile Include="table\format.cc">
      <Filter>Source Files\table</Filter>
    </ClCompile>
    <ClCompile Include="table\merger.cc">
      <Filter>Source Files\table</Filter>
    </ClCompile>
    <ClCompile Include="db\version_edit.cc">
      <Filter>Source Files\db</Filter>
    </ClCompile>
    <ClCompile Include="db\filename.cc">
      <Filter>Source Files\db</Filter>
    </ClCompile>
    <ClCompile Include="db\log_writer.cc">
      <Filter>Source Files\db</Filter>
    </ClCompile>
    <ClCompile Include="util\comparator.cc">
      <Filter>Source Files\util</Filter>
    </ClCompile>
    <ClCompile Include="table\iterator.cc">
      <Filter>Source Files\table</Filter>
    </ClCompile>
    <ClCompile Include="util\env.cc">
      <Filter>Source Files\util</Filter>
    </ClCompile>
    <ClCompile Include="table\table.cc">
      <Filter>Source Files\table</Filter>
    </ClCompile>
    <ClCompile Include="table\block_builder.cc">
      <Filter>Source Files\table</Filter>
    </ClCompile>
    <ClCompile Include="util\hash.cc">
      <Filter>Source Files\util</Filter>
    </ClCompile>
    <ClCompile Include="util\logging.cc">
      <Filter>Source Files\util</Filter>
    </ClCompile>
    <ClCompile Include="table\block.cc">
      <Filter>Source Files\table</Filter>
    </ClCompile>
    <ClCompile Include="table\filter_block.cc">
      <Filter>Source Files\table</Filter>
    </ClCompile>
    <ClCompile Include="db\db_iter.cc">
      <Filter>Source Files\db</Filter>
    </ClCompile>
    <ClCompile Include="db\builder.cc">
      <Filter>Source Files\db</Filter>
    </ClCompile>
  </ItemGroup>
  <ItemGroup>
    <ClInclude Include="leveldb-config.h">
      <Filter>Header Files</Filter>
    </ClInclude>
  </ItemGroup>
</Project>