<?xml version="1.0" encoding="utf-8"?>
<Project ToolsVersion="4.0" xmlns="http://schemas.microsoft.com/developer/msbuild/2003">
  <ItemGroup>
    <Filter Include="Source Files">
      <UniqueIdentifier>{5FC737F1-C7A5-4366-A066-2A32D752A2FF}</UniqueIdentifier>
      <Extensions>cpp;c;cc;cxx;def;odl;idl;hpj;bat;asm;asmx</Extensions>
    </Filter>
    <Filter Include="Header Files">
      <UniqueIdentifier>{93995380-89BD-4b01-78EB-625FBE52EBFB}</UniqueIdentifier>
      <Extensions>h;hpp;hxx;hm;inl;inc;xsd</Extensions>
    </Filter>
    <Filter Include="Source Files\czmq++">
      <UniqueIdentifier>{e7149bcc-fc7b-42dc-bf4c-5dd9b29a71bc}</UniqueIdentifier>
    </Filter>
    <Filter Include="Source Files\zmq">
      <UniqueIdentifier>{a12c63c0-74d6-4166-9ea2-070a8c10f25c}</UniqueIdentifier>
    </Filter>
    <Filter Include="Source Files\czmq">
      <UniqueIdentifier>{fcd9a7bf-1f1b-408b-8854-b1f4d1772a35}</UniqueIdentifier>
    </Filter>
  </ItemGroup>
  <ItemGroup>
    <ClInclude Include="czmq-config.h">
      <Filter>Header Files</Filter>
    </ClInclude>
  </ItemGroup>
  <ItemGroup>
    <ClCompile Include="..\czmq++\context.cpp">
      <Filter>Source Files\czmq++</Filter>
    </ClCompile>
    <ClCompile Include="..\czmq++\certificate.cpp">
      <Filter>Source Files\czmq++</Filter>
    </ClCompile>
    <ClCompile Include="..\czmq++\poller.cpp">
      <Filter>Source Files\czmq++</Filter>
    </ClCompile>
    <ClCompile Include="..\czmq++\socket.cpp">
      <Filter>Source Files\czmq++</Filter>
    </ClCompile>
    <ClCompile Include="..\zmq.cpp">
      <Filter>Source Files\zmq</Filter>
    </ClCompile>
    <ClCompile Include="src\zcert.c">
      <Filter>Source Files\czmq</Filter>
    </ClCompile>
    <ClCompile Include="src\zctx.c">
      <Filter>Source Files\czmq</Filter>
    </ClCompile>
    <ClCompile Include="src\zpoller.c">
      <Filter>Source Files\czmq</Filter>
    </ClCompile>
    <ClCompile Include="src\zsock_option.c">
      <Filter>Source Files\czmq</Filter>
    </ClCompile>
    <ClCompile Include="src\zsocket.c">
      <Filter>Source Files\czmq</Filter>
    </ClCompile>
    <ClCompile Include="src\zsockopt.c">
      <Filter>Source Files\czmq</Filter>
    </ClCompile>
    <ClCompile Include="..\msg.cpp">
      <Filter>Source Files\zmq</Filter>
    </ClCompile>
    <ClCompile Include="..\clock.cpp">
      <Filter>Source Files\zmq</Filter>
    </ClCompile>
    <ClCompile Include="..\err.cpp">
      <Filter>Source Files\zmq</Filter>
    </ClCompile>
    <ClCompile Include="src\zlist.c">
      <Filter>Source Files\czmq</Filter>
    </ClCompile>
    <ClCompile Include="src\zsys.c">
      <Filter>Source Files\czmq</Filter>
    </ClCompile>
    <ClCompile Include="src\zsock.c">
      <Filter>Source Files\czmq</Filter>
    </ClCompile>
    <ClCompile Include="src\zframe.c">
      <Filter>Source Files\czmq</Filter>
    </ClCompile>
    <ClCompile Include="src\zclock.c">
      <Filter>Source Files\czmq</Filter>
    </ClCompile>
    <ClCompile Include="src\zmutex.c">
      <Filter>Source Files\czmq</Filter>
    </ClCompile>
    <ClCompile Include="src\zhash.c">
      <Filter>Source Files\czmq</Filter>
    </ClCompile>
    <ClCompile Include="src\zstr.c">
      <Filter>Source Files\czmq</Filter>
    </ClCompile>
    <ClCompile Include="src\zdir.c">
      <Filter>Source Files\czmq</Filter>
    </ClCompile>
    <ClCompile Include="src\zconfig.c">
      <Filter>Source Files\czmq</Filter>
    </ClCompile>
    <ClCompile Include="..\client.cpp">
      <Filter>Source Files\zmq</Filter>
    </ClCompile>
    <ClCompile Include="..\server.cpp">
      <Filter>Source Files\zmq</Filter>
    </ClCompile>
    <ClCompile Include="..\address.cpp">
      <Filter>Source Files\zmq</Filter>
    </ClCompile>
    <ClCompile Include="..\ctx.cpp">
      <Filter>Source Files\zmq</Filter>
    </ClCompile>
    <ClCompile Include="..\curve_client.cpp">
      <Filter>Source Files\zmq</Filter>
    </ClCompile>
    <ClCompile Include="..\curve_server.cpp">
      <Filter>Source Files\zmq</Filter>
    </ClCompile>
    <ClCompile Include="..\dealer.cpp">
      <Filter>Source Files\zmq</Filter>
    </ClCompile>
    <ClCompile Include="..\decoder_allocators.cpp">
      <Filter>Source Files\zmq</Filter>
    </ClCompile>
    <ClCompile Include="..\devpoll.cpp">
      <Filter>Source Files\zmq</Filter>
    </ClCompile>
    <ClCompile Include="..\dist.cpp">
      <Filter>Source Files\zmq</Filter>
    </ClCompile>
    <ClCompile Include="..\epoll.cpp">
      <Filter>Source Files\zmq</Filter>
    </ClCompile>
    <ClCompile Include="..\fq.cpp">
      <Filter>Source Files\zmq</Filter>
    </ClCompile>
    <ClCompile Include="..\gssapi_client.cpp">
      <Filter>Source Files\zmq</Filter>
    </ClCompile>
    <ClCompile Include="..\gssapi_mechanism_base.cpp">
      <Filter>Source Files\zmq</Filter>
    </ClCompile>
    <ClCompile Include="..\gssapi_server.cpp">
      <Filter>Source Files\zmq</Filter>
    </ClCompile>
    <ClCompile Include="..\io_object.cpp">
      <Filter>Source Files\zmq</Filter>
    </ClCompile>
    <ClCompile Include="..\io_thread.cpp">
      <Filter>Source Files\zmq</Filter>
    </ClCompile>
    <ClCompile Include="..\ip.cpp">
      <Filter>Source Files\zmq</Filter>
    </ClCompile>
    <ClCompile Include="..\ipc_address.cpp">
      <Filter>Source Files\zmq</Filter>
    </ClCompile>
    <ClCompile Include="..\ipc_connecter.cpp">
      <Filter>Source Files\zmq</Filter>
    </ClCompile>
    <ClCompile Include="..\ipc_listener.cpp">
      <Filter>Source Files\zmq</Filter>
    </ClCompile>
    <ClCompile Include="..\kqueue.cpp">
      <Filter>Source Files\zmq</Filter>
    </ClCompile>
    <ClCompile Include="..\lb.cpp">
      <Filter>Source Files\zmq</Filter>
    </ClCompile>
    <ClCompile Include="..\mailbox.cpp">
      <Filter>Source Files\zmq</Filter>
    </ClCompile>
    <ClCompile Include="..\mailbox_safe.cpp">
      <Filter>Source Files\zmq</Filter>
    </ClCompile>
    <ClCompile Include="..\mechanism.cpp">
      <Filter>Source Files\zmq</Filter>
    </ClCompile>
    <ClCompile Include="..\metadata.cpp">
      <Filter>Source Files\zmq</Filter>
    </ClCompile>
    <ClCompile Include="..\mtrie.cpp">
      <Filter>Source Files\zmq</Filter>
    </ClCompile>
    <ClCompile Include="..\norm_engine.cpp">
      <Filter>Source Files\zmq</Filter>
    </ClCompile>
    <ClCompile Include="..\null_mechanism.cpp">
      <Filter>Source Files\zmq</Filter>
    </ClCompile>
    <ClCompile Include="..\object.cpp">
      <Filter>Source Files\zmq</Filter>
    </ClCompile>
    <ClCompile Include="..\options.cpp">
      <Filter>Source Files\zmq</Filter>
    </ClCompile>
    <ClCompile Include="..\own.cpp">
      <Filter>Source Files\zmq</Filter>
    </ClCompile>
    <ClCompile Include="..\pair.cpp">
      <Filter>Source Files\zmq</Filter>
    </ClCompile>
    <ClCompile Include="..\pgm_receiver.cpp">
      <Filter>Source Files\zmq</Filter>
    </ClCompile>
    <ClCompile Include="..\pgm_sender.cpp">
      <Filter>Source Files\zmq</Filter>
    </ClCompile>
    <ClCompile Include="..\pgm_socket.cpp">
      <Filter>Source Files\zmq</Filter>
    </ClCompile>
    <ClCompile Include="..\pipe.cpp">
      <Filter>Source Files\zmq</Filter>
    </ClCompile>
    <ClCompile Include="..\plain_client.cpp">
      <Filter>Source Files\zmq</Filter>
    </ClCompile>
    <ClCompile Include="..\plain_server.cpp">
      <Filter>Source Files\zmq</Filter>
    </ClCompile>
    <ClCompile Include="..\poll.cpp">
      <Filter>Source Files\zmq</Filter>
    </ClCompile>
    <ClCompile Include="..\poller_base.cpp">
      <Filter>Source Files\zmq</Filter>
    </ClCompile>
    <ClCompile Include="..\precompiled.cpp">
      <Filter>Source Files\zmq</Filter>
    </ClCompile>
    <ClCompile Include="..\proxy.cpp">
      <Filter>Source Files\zmq</Filter>
    </ClCompile>
    <ClCompile Include="..\pub.cpp">
      <Filter>Source Files\zmq</Filter>
    </ClCompile>
    <ClCompile Include="..\pull.cpp">
      <Filter>Source Files\zmq</Filter>
    </ClCompile>
    <ClCompile Include="..\push.cpp">
      <Filter>Source Files\zmq</Filter>
    </ClCompile>
    <ClCompile Include="..\random.cpp">
      <Filter>Source Files\zmq</Filter>
    </ClCompile>
    <ClCompile Include="..\raw_decoder.cpp">
      <Filter>Source Files\zmq</Filter>
    </ClCompile>
    <ClCompile Include="..\raw_encoder.cpp">
      <Filter>Source Files\zmq</Filter>
    </ClCompile>
    <ClCompile Include="..\reaper.cpp">
      <Filter>Source Files\zmq</Filter>
    </ClCompile>
    <ClCompile Include="..\rep.cpp">
      <Filter>Source Files\zmq</Filter>
    </ClCompile>
    <ClCompile Include="..\req.cpp">
      <Filter>Source Files\zmq</Filter>
    </ClCompile>
    <ClCompile Include="..\router.cpp">
      <Filter>Source Files\zmq</Filter>
    </ClCompile>
    <ClCompile Include="..\select.cpp">
      <Filter>Source Files\zmq</Filter>
    </ClCompile>
    <ClCompile Include="..\session_base.cpp">
      <Filter>Source Files\zmq</Filter>
    </ClCompile>
    <ClCompile Include="..\signaler.cpp">
      <Filter>Source Files\zmq</Filter>
    </ClCompile>
    <ClCompile Include="..\socks.cpp">
      <Filter>Source Files\zmq</Filter>
    </ClCompile>
    <ClCompile Include="..\socks_connecter.cpp">
      <Filter>Source Files\zmq</Filter>
    </ClCompile>
    <ClCompile Include="..\stream.cpp">
      <Filter>Source Files\zmq</Filter>
    </ClCompile>
    <ClCompile Include="..\stream_engine.cpp">
      <Filter>Source Files\zmq</Filter>
    </ClCompile>
    <ClCompile Include="..\sub.cpp">
      <Filter>Source Files\zmq</Filter>
    </ClCompile>
    <ClCompile Include="..\tcp.cpp">
      <Filter>Source Files\zmq</Filter>
    </ClCompile>
    <ClCompile Include="..\tcp_address.cpp">
      <Filter>Source Files\zmq</Filter>
    </ClCompile>
    <ClCompile Include="..\tcp_connecter.cpp">
      <Filter>Source Files\zmq</Filter>
    </ClCompile>
    <ClCompile Include="..\tcp_listener.cpp">
      <Filter>Source Files\zmq</Filter>
    </ClCompile>
    <ClCompile Include="..\thread.cpp">
      <Filter>Source Files\zmq</Filter>
    </ClCompile>
    <ClCompile Include="..\tipc_address.cpp">
      <Filter>Source Files\zmq</Filter>
    </ClCompile>
    <ClCompile Include="..\tipc_connecter.cpp">
      <Filter>Source Files\zmq</Filter>
    </ClCompile>
    <ClCompile Include="..\tipc_listener.cpp">
      <Filter>Source Files\zmq</Filter>
    </ClCompile>
    <ClCompile Include="..\trie.cpp">
      <Filter>Source Files\zmq</Filter>
    </ClCompile>
    <ClCompile Include="..\v1_decoder.cpp">
      <Filter>Source Files\zmq</Filter>
    </ClCompile>
    <ClCompile Include="..\v1_encoder.cpp">
      <Filter>Source Files\zmq</Filter>
    </ClCompile>
    <ClCompile Include="..\v2_decoder.cpp">
      <Filter>Source Files\zmq</Filter>
    </ClCompile>
    <ClCompile Include="..\v2_encoder.cpp">
      <Filter>Source Files\zmq</Filter>
    </ClCompile>
    <ClCompile Include="..\xpub.cpp">
      <Filter>Source Files\zmq</Filter>
    </ClCompile>
    <ClCompile Include="..\xsub.cpp">
      <Filter>Source Files\zmq</Filter>
    </ClCompile>
    <ClCompile Include="..\zmq_utils.cpp">
      <Filter>Source Files\zmq</Filter>
    </ClCompile>
    <ClCompile Include="src\zgossip.c">
      <Filter>Source Files\czmq</Filter>
    </ClCompile>
    <ClCompile Include="src\zuuid.c">
      <Filter>Source Files\czmq</Filter>
    </ClCompile>
    <ClCompile Include="src\zmsg.c">
      <Filter>Source Files\czmq</Filter>
    </ClCompile>
    <ClCompile Include="src\zhashx.c">
      <Filter>Source Files\czmq</Filter>
    </ClCompile>
    <ClCompile Include="src\zloop.c">
      <Filter>Source Files\czmq</Filter>
    </ClCompile>
    <ClCompile Include="src\zfile.c">
      <Filter>Source Files\czmq</Filter>
    </ClCompile>
    <ClCompile Include="src\zdir_patch.c">
      <Filter>Source Files\czmq</Filter>
    </ClCompile>
    <ClCompile Include="src\zactor.c">
      <Filter>Source Files\czmq</Filter>
    </ClCompile>
    <ClCompile Include="src\zchunk.c">
      <Filter>Source Files\czmq</Filter>
    </ClCompile>
    <ClCompile Include="src\zlistx.c">
      <Filter>Source Files\czmq</Filter>
    </ClCompile>
    <ClCompile Include="src\zdigest.c">
      <Filter>Source Files\czmq</Filter>
    </ClCompile>
    <ClCompile Include="..\czmq++\message.cpp">
      <Filter>Source Files\czmq++</Filter>
    </ClCompile>
    <ClCompile Include="src\zgossip_msg.c">
      <Filter>Source Files\czmq</Filter>
    </ClCompile>
    <ClCompile Include="src\zrex.c">
      <Filter>Source Files\czmq</Filter>
    </ClCompile>
    <ClCompile Include="..\socket_base.cpp">
      <Filter>Source Files</Filter>
    </ClCompile>
  </ItemGroup>
</Project>