<?xml version="1.0" encoding="utf-8"?>
<Project ToolsVersion="4.0" xmlns="http://schemas.microsoft.com/developer/msbuild/2003">
  <ItemGroup>
    <Filter Include="Source Files">
      <UniqueIdentifier>{24bc7a3a-4e42-479e-a05a-a9bed02526a3}</UniqueIdentifier>
      <Extensions>cpp;c;cxx;rc;def;r;odl;idl;hpj;bat</Extensions>
    </Filter>
    <Filter Include="Header Files">
      <UniqueIdentifier>{35867301-3d86-49b2-a05b-21c8dfb01d8e}</UniqueIdentifier>
      <Extensions>h;hpp;hxx;hm;inl</Extensions>
    </Filter>
  </ItemGroup>
  <ItemGroup>
    <ClCompile Include="\foreign\libevent\buffer.c">
      <Filter>Source Files</Filter>
    </ClCompile>
    <ClCompile Include="\foreign\libevent\evdns.c">
      <Filter>Source Files</Filter>
    </ClCompile>
    <ClCompile Include="\foreign\libevent\event.c">
      <Filter>Source Files</Filter>
    </ClCompile>
    <ClCompile Include="\foreign\libevent\event_tagging.c">
      <Filter>Source Files</Filter>
    </ClCompile>
    <ClCompile Include="\foreign\libevent\evrpc.c">
      <Filter>Source Files</Filter>
    </ClCompile>
    <ClCompile Include="\foreign\libevent\evutil.c">
      <Filter>Source Files</Filter>
    </ClCompile>
    <ClCompile Include="\foreign\libevent\http.c">
      <Filter>Source Files</Filter>
    </ClCompile>
    <ClCompile Include="\foreign\libevent\log.c">
      <Filter>Source Files</Filter>
    </ClCompile>
    <ClCompile Include="\foreign\libevent\signal.c">
      <Filter>Source Files</Filter>
    </ClCompile>
    <ClCompile Include="\foreign\libevent\WIN32-Code\win32.c">
      <Filter>Source Files</Filter>
    </ClCompile>
    <ClCompile Include="..\..\..\FOREIGN\libevent\event_iocp.c">
      <Filter>Source Files</Filter>
    </ClCompile>
    <ClCompile Include="..\..\..\FOREIGN\libevent\evmap.c">
      <Filter>Source Files</Filter>
    </ClCompile>
    <ClCompile Include="..\..\..\FOREIGN\libevent\evthread.c">
      <Filter>Source Files</Filter>
    </ClCompile>
    <ClCompile Include="..\..\..\FOREIGN\libevent\evutil_rand.c">
      <Filter>Source Files</Filter>
    </ClCompile>
    <ClCompile Include="..\..\..\FOREIGN\libevent\win32select.c">
      <Filter>Source Files</Filter>
    </ClCompile>
  </ItemGroup>
  <ItemGroup>
    <ClInclude Include="\foreign\libevent\WIN32-Code\config.h">
      <Filter>Header Files</Filter>
    </ClInclude>
    <ClInclude Include="\foreign\libevent\evdns.h">
      <Filter>Header Files</Filter>
    </ClInclude>
    <ClInclude Include="\foreign\libevent\WIN32-Code\event-config.h">
      <Filter>Header Files</Filter>
    </ClInclude>
    <ClInclude Include="\foreign\libevent\event-internal.h">
      <Filter>Header Files</Filter>
    </ClInclude>
    <ClInclude Include="\foreign\libevent\event.h">
      <Filter>Header Files</Filter>
    </ClInclude>
    <ClInclude Include="\foreign\libevent\evhttp.h">
      <Filter>Header Files</Filter>
    </ClInclude>
    <ClInclude Include="\foreign\libevent\evrpc-internal.h">
      <Filter>Header Files</Filter>
    </ClInclude>
    <ClInclude Include="\foreign\libevent\evrpc.h">
      <Filter>Header Files</Filter>
    </ClInclude>
    <ClInclude Include="\foreign\libevent\evsignal.h">
      <Filter>Header Files</Filter>
    </ClInclude>
    <ClInclude Include="\foreign\libevent\evutil.h">
      <Filter>Header Files</Filter>
    </ClInclude>
    <ClInclude Include="\foreign\libevent\http-internal.h">
      <Filter>Header Files</Filter>
    </ClInclude>
    <ClInclude Include="\foreign\libevent\min_heap.h">
      <Filter>Header Files</Filter>
    </ClInclude>
    <ClInclude Include="\foreign\libevent\strlcpy-internal.h">
      <Filter>Header Files</Filter>
    </ClInclude>
  </ItemGroup>
</Project>