<?xml version="1.0" encoding="utf-8"?>
<Project ToolsVersion="4.0" xmlns="http://schemas.microsoft.com/developer/msbuild/2003">
  <ItemGroup>
    <Filter Include="Source Files">
      <UniqueIdentifier>{4FC737F1-C7A5-4376-A066-2A32D752A2FF}</UniqueIdentifier>
      <Extensions>cpp;c;cc;cxx;def;odl;idl;hpj;bat;asm;asmx</Extensions>
    </Filter>
    <Filter Include="Header Files">
      <UniqueIdentifier>{93995380-89BD-4b04-88EB-625FBE52EBFB}</UniqueIdentifier>
      <Extensions>h;hh;hpp;hxx;hm;inl;inc;xsd</Extensions>
    </Filter>
    <Filter Include="Resource Files">
      <UniqueIdentifier>{67DA6AB6-F800-4c08-8B7A-83BB121AAD01}</UniqueIdentifier>
      <Extensions>rc;ico;cur;bmp;dlg;rc2;rct;bin;rgs;gif;jpg;jpeg;jpe;resx;tiff;tif;png;wav;mfcribbon-ms</Extensions>
    </Filter>
    <Filter Include="crt">
      <UniqueIdentifier>{3a5ce7fc-ecd0-4881-9fb9-e2592e9e335f}</UniqueIdentifier>
    </Filter>
    <Filter Include="Source Files\fp">
      <UniqueIdentifier>{85b6f222-2d4f-4987-8b1f-115047e54f44}</UniqueIdentifier>
    </Filter>
    <Filter Include="Source Files\fp\x86">
      <UniqueIdentifier>{9d40885d-f7c5-4973-9128-916738de66d3}</UniqueIdentifier>
    </Filter>
    <Filter Include="vcruntime">
      <UniqueIdentifier>{17561aca-38d5-42f6-b664-8ae57116f2ba}</UniqueIdentifier>
    </Filter>
    <Filter Include="appcrt">
      <UniqueIdentifier>{849772f2-12bd-4877-8d37-e4fbbf7b77f8}</UniqueIdentifier>
    </Filter>
    <Filter Include="desktopcrt">
      <UniqueIdentifier>{aa7eb032-e8bc-4ba2-afac-d75e4f2eaf0a}</UniqueIdentifier>
    </Filter>
    <Filter Include="stl">
      <UniqueIdentifier>{72ccd793-376c-4ed0-a368-f54b08834b8e}</UniqueIdentifier>
    </Filter>
    <Filter Include="i386">
      <UniqueIdentifier>{9bc1cadc-4459-45cb-b561-0772d6e58efe}</UniqueIdentifier>
    </Filter>
    <Filter Include="appcrt\tran">
      <UniqueIdentifier>{38989334-916c-4514-8e2b-b7dbfd2b9f26}</UniqueIdentifier>
    </Filter>
    <Filter Include="appcrt\tran\i386">
      <UniqueIdentifier>{21d36567-9a31-40a2-af94-e40ca4813dcd}</UniqueIdentifier>
    </Filter>
    <Filter Include="misc">
      <UniqueIdentifier>{23b60ee1-0b51-4548-b8a7-28879d3eed2a}</UniqueIdentifier>
    </Filter>
    <Filter Include="eh">
      <UniqueIdentifier>{f225c0d4-9af3-43df-b364-0bffe98d9b43}</UniqueIdentifier>
    </Filter>
    <Filter Include="eh\i386">
      <UniqueIdentifier>{effd0f38-5423-40ae-af67-8568a161af73}</UniqueIdentifier>
    </Filter>
    <Filter Include="appcrt\heap">
      <UniqueIdentifier>{3ee14a0f-29a2-4129-b573-8d09f4293b1b}</UniqueIdentifier>
    </Filter>
    <Filter Include="appcrt\convert">
      <UniqueIdentifier>{32d86866-77ea-44af-b956-8c3ed5f949ea}</UniqueIdentifier>
    </Filter>
    <Filter Include="i386\moved_to_elrt">
      <UniqueIdentifier>{6e12895d-0151-41ae-a8f5-978e2f01793d}</UniqueIdentifier>
    </Filter>
    <Filter Include="appcrt\stdio">
      <UniqueIdentifier>{af8bd337-9269-4b15-a4b4-138dcd1ab69e}</UniqueIdentifier>
    </Filter>
    <Filter Include="appcrt\string">
      <UniqueIdentifier>{94578fd6-5a15-4ce3-9333-c3c35f2f22cf}</UniqueIdentifier>
    </Filter>
    <Filter Include="appcrt\lowio">
      <UniqueIdentifier>{439a641f-1b70-4a0c-b0db-10bda1dad210}</UniqueIdentifier>
    </Filter>
    <Filter Include="appcrt\time">
      <UniqueIdentifier>{e11099e0-bc27-46db-8afc-6a96a129debb}</UniqueIdentifier>
    </Filter>
    <Filter Include="appcrt\locale">
      <UniqueIdentifier>{b7fbfb3d-284d-4536-a5da-73205fbf544e}</UniqueIdentifier>
    </Filter>
    <Filter Include="appcrt\internal">
      <UniqueIdentifier>{9de1c8ac-6f3c-4bbd-a2da-0d1e5226a5cd}</UniqueIdentifier>
    </Filter>
    <Filter Include="appcrt\misc">
      <UniqueIdentifier>{0a106a81-9b7a-4130-a833-6abd7e69192e}</UniqueIdentifier>
    </Filter>
    <Filter Include="appcrt\mbstring">
      <UniqueIdentifier>{8e0b47e8-1fb1-461c-a5d0-a5129b7be0f4}</UniqueIdentifier>
    </Filter>
    <Filter Include="appcrt\startup">
      <UniqueIdentifier>{e7067c95-77db-4b73-b771-d97131a8fa1f}</UniqueIdentifier>
    </Filter>
    <Filter Include="appcrt\misc\_DEBUG">
      <UniqueIdentifier>{5072618b-a8ce-4aee-99fd-2ecaf20357a7}</UniqueIdentifier>
    </Filter>
    <Filter Include="appcrt\stdlib">
      <UniqueIdentifier>{81cdf10f-cc79-4231-8812-e931536ee5f3}</UniqueIdentifier>
    </Filter>
    <Filter Include="appcrt\filesystem">
      <UniqueIdentifier>{23afc090-4096-403c-824f-1080c6d54398}</UniqueIdentifier>
    </Filter>
    <Filter Include="gs">
      <UniqueIdentifier>{c423cdb3-cdc5-4b2a-875a-6b28f26dd2e9}</UniqueIdentifier>
    </Filter>
    <Filter Include="tls">
      <UniqueIdentifier>{0f7c79c0-9e8e-4a68-a55d-0bff5c4eb28f}</UniqueIdentifier>
    </Filter>
    <Filter Include="tls\i386">
      <UniqueIdentifier>{4706d271-73ae-4563-baa8-50cf3f097f59}</UniqueIdentifier>
    </Filter>
    <Filter Include="desktopcrt\exec">
      <UniqueIdentifier>{3be31052-a875-493d-b2ae-f0df69a29dac}</UniqueIdentifier>
    </Filter>
    <Filter Include="desktopcrt\conio">
      <UniqueIdentifier>{af42aa35-3914-403d-8776-148936c7fc71}</UniqueIdentifier>
    </Filter>
    <Filter Include="vcruntime\x86">
      <UniqueIdentifier>{0c898544-65d6-45b8-bcf1-2c4b09369c26}</UniqueIdentifier>
    </Filter>
    <Filter Include="Source Files\fp\x64">
      <UniqueIdentifier>{b6a5776a-8a34-4eac-85fb-e85c6b512a4a}</UniqueIdentifier>
    </Filter>
    <Filter Include="amd64">
      <UniqueIdentifier>{1197cfb0-9a88-481c-be68-0d9668d010dc}</UniqueIdentifier>
    </Filter>
    <Filter Include="eh\amd64">
      <UniqueIdentifier>{b024de08-29bf-4142-b240-5a3e6b1ec040}</UniqueIdentifier>
    </Filter>
    <Filter Include="gs\amd64">
      <UniqueIdentifier>{aee515dd-f516-48cc-b6cf-70c784598c0d}</UniqueIdentifier>
    </Filter>
    <Filter Include="rtc">
      <UniqueIdentifier>{10b56511-7662-45b5-9c13-41a0cf58e351}</UniqueIdentifier>
    </Filter>
    <Filter Include="appcrt\initializers">
      <UniqueIdentifier>{8db99bb3-2c04-44f2-9fbd-a35071dabce6}</UniqueIdentifier>
    </Filter>
    <Filter Include="appcrt\heap\std-malloc">
      <UniqueIdentifier>{111ea249-bc6e-499f-a299-49c8617bcf54}</UniqueIdentifier>
    </Filter>
    <Filter Include="appcrt\tran\x86x64">
      <UniqueIdentifier>{f2778802-eca0-4fa7-9417-0ed619d250b3}</UniqueIdentifier>
    </Filter>
    <Filter Include="startup">
      <UniqueIdentifier>{ad0653cc-cc71-427e-a7de-efef075942fa}</UniqueIdentifier>
    </Filter>
    <Filter Include="Header Files\thr">
      <UniqueIdentifier>{2e46f658-37b8-45ea-b279-c632fdd469bf}</UniqueIdentifier>
    </Filter>
    <Filter Include="desktopcrt\env">
      <UniqueIdentifier>{46cf0d93-d4a7-47c0-8500-18ad6a86ee5c}</UniqueIdentifier>
    </Filter>
    <Filter Include="inc">
      <UniqueIdentifier>{21420dad-c6e7-4487-af0e-99f993debe0a}</UniqueIdentifier>
    </Filter>
    <Filter Include="vcruntime\DLL">
      <UniqueIdentifier>{f546e641-f4b0-49f7-8101-e5347823639d}</UniqueIdentifier>
    </Filter>
    <Filter Include="defaults">
      <UniqueIdentifier>{fa625096-2eb4-4bb0-af70-9f3392023647}</UniqueIdentifier>
    </Filter>
    <Filter Include="Source Files\fp\x86x64">
      <UniqueIdentifier>{8a8055b0-9f36-41e3-9f70-125712231452}</UniqueIdentifier>
    </Filter>
    <Filter Include="Source Files\replacements">
      <UniqueIdentifier>{7520c6bc-f936-4958-b6f3-52287a240861}</UniqueIdentifier>
    </Filter>
    <Filter Include="eh\H">
      <UniqueIdentifier>{c5bc2f10-0223-4229-8c2f-6305346aeb37}</UniqueIdentifier>
    </Filter>
  </ItemGroup>
  <ItemGroup>
    <None Include="c++rt-64.def">
      <Filter>Resource Files</Filter>
    </None>
    <None Include="c++rt-86.def">
      <Filter>Resource Files</Filter>
    </None>
  </ItemGroup>
  <ItemGroup>
    <ClCompile Include="\src\el\c++rt\fp\intrncvt.c">
      <Filter>Source Files\fp</Filter>
    </ClCompile>
    <ClCompile Include="\src\el\c++rt\fp\mantold.c">
      <Filter>Source Files\fp</Filter>
    </ClCompile>
    <ClCompile Include="\src\el\c++rt\fp\tenpow.c">
      <Filter>Source Files\fp</Filter>
    </ClCompile>
    <ClCompile Include="\src\el\c++rt\fp\constpow.c">
      <Filter>Source Files\fp</Filter>
    </ClCompile>
    <ClCompile Include="\src\el\c++rt\fp\contrlfp.c">
      <Filter>Source Files\fp</Filter>
    </ClCompile>
    <ClCompile Include="\src\el\c++rt\fp\wcfin.cpp">
      <Filter>Source Files\fp</Filter>
    </ClCompile>
    <ClCompile Include="\src\el\c++rt\fp\ldexp.c">
      <Filter>Source Files\fp</Filter>
    </ClCompile>
    <ClCompile Include="\src\el\c++rt\fp\ieeemisc.c">
      <Filter>Source Files\fp</Filter>
    </ClCompile>
    <ClCompile Include="\src\el\c++rt\fp\x86\fpctrl.c">
      <Filter>Source Files</Filter>
    </ClCompile>
    <ClCompile Include="\src\el\c++rt\fp\util.c">
      <Filter>Source Files</Filter>
    </ClCompile>
    <ClCompile Include="\src\el\c++rt\fp\frexp.c">
      <Filter>Source Files\fp</Filter>
    </ClCompile>
    <ClCompile Include="\src\el\c++rt\fp\floor.c">
      <Filter>Source Files\fp</Filter>
    </ClCompile>
    <ClCompile Include="vcruntime\app_appinit.cpp">
      <Filter>vcruntime</Filter>
    </ClCompile>
    <ClCompile Include="desktopcrt\mbsnbico.cpp">
      <Filter>desktopcrt</Filter>
    </ClCompile>
    <ClCompile Include="desktopcrt\ismbbyte.cpp">
      <Filter>desktopcrt</Filter>
    </ClCompile>
    <ClCompile Include="vcruntime\hooks.cpp">
      <Filter>vcruntime</Filter>
    </ClCompile>
    <ClCompile Include="stl\winapinls.cpp">
      <Filter>stl</Filter>
    </ClCompile>
    <ClCompile Include="desktopcrt\wait.cpp">
      <Filter>desktopcrt</Filter>
    </ClCompile>
    <ClCompile Include="desktopcrt\threadex.cpp">
      <Filter>desktopcrt</Filter>
    </ClCompile>
    <ClCompile Include="desktopcrt\pipe.cpp">
      <Filter>desktopcrt</Filter>
    </ClCompile>
    <ClCompile Include="desktopcrt\slbeep.cpp">
      <Filter>desktopcrt</Filter>
    </ClCompile>
    <ClCompile Include="desktopcrt\getcwd.cpp">
      <Filter>desktopcrt</Filter>
    </ClCompile>
    <ClCompile Include="desktopcrt\drive.cpp">
      <Filter>desktopcrt</Filter>
    </ClCompile>
    <ClCompile Include="desktopcrt\initcon.cpp">
      <Filter>desktopcrt</Filter>
    </ClCompile>
    <ClCompile Include="desktopcrt\dcrt_per_thread_data.cpp">
      <Filter>desktopcrt</Filter>
    </ClCompile>
    <ClCompile Include="appcrt\new_mode.cpp">
      <Filter>appcrt</Filter>
    </ClCompile>
    <ClCompile Include="appcrt\tran\fesetenv.c">
      <Filter>appcrt\tran</Filter>
    </ClCompile>
    <ClCompile Include="appcrt\tran\_fenvutils.c">
      <Filter>appcrt\tran</Filter>
    </ClCompile>
    <ClCompile Include="appcrt\tran\fegetenv.c">
      <Filter>appcrt\tran</Filter>
    </ClCompile>
    <ClCompile Include="appcrt\tran\feholdexcept.c">
      <Filter>appcrt\tran</Filter>
    </ClCompile>
    <ClCompile Include="desktopcrt\dcrt_initialization.cpp">
      <Filter>desktopcrt</Filter>
    </ClCompile>
    <ClCompile Include="appcrt\appcrt_dllmain.cpp">
      <Filter>appcrt</Filter>
    </ClCompile>
    <ClCompile Include="vcruntime\commit_mode.cpp">
      <Filter>vcruntime</Filter>
    </ClCompile>
    <ClCompile Include="vcruntime\invalid_parameter_handler.cpp">
      <Filter>vcruntime</Filter>
    </ClCompile>
    <ClCompile Include="vcruntime\denormal_control.cpp">
      <Filter>vcruntime</Filter>
    </ClCompile>
    <ClCompile Include="vcruntime\file_mode.cpp">
      <Filter>vcruntime</Filter>
    </ClCompile>
    <ClCompile Include="vcruntime\argv_mode.cpp">
      <Filter>vcruntime</Filter>
    </ClCompile>
    <ClCompile Include="desktopcrt\mbsdec.cpp">
      <Filter>desktopcrt</Filter>
    </ClCompile>
    <ClCompile Include="i386\wcsstr.c">
      <Filter>i386</Filter>
    </ClCompile>
    <ClCompile Include="vcruntime\vcrt_matherr.cpp">
      <Filter>vcruntime</Filter>
    </ClCompile>
    <ClCompile Include="memcmp.c">
      <Filter>crt</Filter>
    </ClCompile>
    <ClCompile Include="i386\wcschr.c">
      <Filter>i386</Filter>
    </ClCompile>
    <ClCompile Include="appcrt\fp8.cpp">
      <Filter>appcrt</Filter>
    </ClCompile>
    <ClCompile Include="i386\wcsrchr.c">
      <Filter>i386</Filter>
    </ClCompile>
    <ClCompile Include="misc\thread_safe_statics.cpp">
      <Filter>misc</Filter>
    </ClCompile>
    <ClCompile Include="misc\purevirt.cpp">
      <Filter>misc</Filter>
    </ClCompile>
    <ClCompile Include="eh\i386\secchk.c">
      <Filter>eh\i386</Filter>
    </ClCompile>
    <ClCompile Include="eh\ehvccctr.cpp">
      <Filter>eh</Filter>
    </ClCompile>
    <ClCompile Include="eh\ehvcccvb.cpp">
      <Filter>eh</Filter>
    </ClCompile>
    <ClCompile Include="eh\ehvecctr.cpp">
      <Filter>eh</Filter>
    </ClCompile>
    <ClCompile Include="eh\ehveccvb.cpp">
      <Filter>eh</Filter>
    </ClCompile>
    <ClCompile Include="eh\ehvecdtr.cpp">
      <Filter>eh</Filter>
    </ClCompile>
    <ClCompile Include="i386\cpu_disp.c">
      <Filter>i386</Filter>
    </ClCompile>
    <ClCompile Include="appcrt\convert\isctype.cpp">
      <Filter>appcrt\convert</Filter>
    </ClCompile>
    <ClCompile Include="appcrt\heap\debug_heap_hook.cpp">
      <Filter>appcrt\heap</Filter>
    </ClCompile>
    <ClCompile Include="\src\el\c++rt\crtdll.cpp">
      <Filter>Source Files</Filter>
    </ClCompile>
    <ClCompile Include="\src\el\c++rt\foo.cpp">
      <Filter>Source Files</Filter>
    </ClCompile>
    <ClCompile Include="\src\el\c-runtime\crt_state_management.cpp">
      <Filter>Source Files</Filter>
    </ClCompile>
    <ClCompile Include="vcruntime\vcrt_initialization.cpp">
      <Filter>vcruntime</Filter>
    </ClCompile>
    <ClCompile Include="vcruntime\vcrt_locks.cpp">
      <Filter>vcruntime</Filter>
    </ClCompile>
    <ClCompile Include="vcruntime\vcrt_new_mode.cpp">
      <Filter>vcruntime</Filter>
    </ClCompile>
    <ClCompile Include="vcruntime\vcrt_per_thread_data.cpp">
      <Filter>vcruntime</Filter>
    </ClCompile>
    <ClCompile Include="vcruntime\vcrt_winapi_downlevel.cpp">
      <Filter>vcruntime</Filter>
    </ClCompile>
    <ClCompile Include="vcruntime\user.cpp">
      <Filter>vcruntime</Filter>
    </ClCompile>
    <ClCompile Include="vcruntime\undname.cxx">
      <Filter>vcruntime</Filter>
    </ClCompile>
    <ClCompile Include="vcruntime\thread_locale.cpp">
      <Filter>vcruntime</Filter>
    </ClCompile>
    <ClCompile Include="vcruntime\utility.cpp">
      <Filter>vcruntime</Filter>
    </ClCompile>
    <ClCompile Include="vcruntime\utility_desktop.cpp">
      <Filter>vcruntime</Filter>
    </ClCompile>
    <ClCompile Include="\src\el\c++rt\c.c">
      <Filter>Source Files</Filter>
    </ClCompile>
    <ClCompile Include="\src\el\c++rt\c-u.c">
      <Filter>Source Files</Filter>
    </ClCompile>
    <ClCompile Include="vcruntime\matherr_detection.c">
      <Filter>vcruntime</Filter>
    </ClCompile>
    <ClCompile Include="\src\el\c++rt\tcmalloc-helper.cpp">
      <Filter>Source Files</Filter>
    </ClCompile>
    <ClCompile Include="appcrt\heap\free.cpp">
      <Filter>appcrt\heap</Filter>
    </ClCompile>
    <ClCompile Include="appcrt\stdio\fread.cpp">
      <Filter>appcrt\stdio</Filter>
    </ClCompile>
    <ClCompile Include="appcrt\stdio\fwrite.cpp">
      <Filter>appcrt\stdio</Filter>
    </ClCompile>
    <ClCompile Include="appcrt\stdio\ftell.cpp">
      <Filter>appcrt\stdio</Filter>
    </ClCompile>
    <ClCompile Include="appcrt\stdio\_filbuf.cpp">
      <Filter>appcrt\stdio</Filter>
    </ClCompile>
    <ClCompile Include="appcrt\stdio\_flsbuf.cpp">
      <Filter>appcrt\stdio</Filter>
    </ClCompile>
    <ClCompile Include="\src\el\libext\exc-refs-api.cpp">
      <Filter>Source Files</Filter>
    </ClCompile>
    <ClCompile Include="..\..\SRC\el\libext\extstl.cpp">
      <Filter>stl</Filter>
    </ClCompile>
    <ClCompile Include="appcrt\string\wcsnlen.cpp">
      <Filter>appcrt\string</Filter>
    </ClCompile>
    <ClCompile Include="appcrt\lowio\close.cpp">
      <Filter>appcrt\lowio</Filter>
    </ClCompile>
    <ClCompile Include="appcrt\lowio\read.cpp">
      <Filter>appcrt\lowio</Filter>
    </ClCompile>
    <ClCompile Include="appcrt\lowio\write.cpp">
      <Filter>appcrt\lowio</Filter>
    </ClCompile>
    <ClCompile Include="appcrt\lowio\open.cpp">
      <Filter>appcrt\lowio</Filter>
    </ClCompile>
    <ClCompile Include="appcrt\lowio\isatty.cpp">
      <Filter>appcrt\lowio</Filter>
    </ClCompile>
    <ClCompile Include="..\..\SRC\el\libext\ext-os-api.cpp">
      <Filter>Source Files</Filter>
    </ClCompile>
    <ClCompile Include="..\..\SRC\el\stl\excep.cpp">
      <Filter>stl</Filter>
    </ClCompile>
    <ClCompile Include="appcrt\lowio\tell.cpp">
      <Filter>appcrt\lowio</Filter>
    </ClCompile>
    <ClCompile Include="appcrt\lowio\osfinfo.cpp">
      <Filter>appcrt\lowio</Filter>
    </ClCompile>
    <ClCompile Include="appcrt\heap\calloc.cpp">
      <Filter>appcrt\heap</Filter>
    </ClCompile>
    <ClCompile Include="appcrt\time\asctime.cpp">
      <Filter>appcrt\time</Filter>
    </ClCompile>
    <ClCompile Include="appcrt\time\ctime.cpp">
      <Filter>appcrt\time</Filter>
    </ClCompile>
    <ClCompile Include="appcrt\time\days.cpp">
      <Filter>appcrt\time</Filter>
    </ClCompile>
    <ClCompile Include="appcrt\time\difftime.cpp">
      <Filter>appcrt\time</Filter>
    </ClCompile>
    <ClCompile Include="appcrt\time\gmtime.cpp">
      <Filter>appcrt\time</Filter>
    </ClCompile>
    <ClCompile Include="appcrt\time\ftime.cpp">
      <Filter>appcrt\time</Filter>
    </ClCompile>
    <ClCompile Include="appcrt\time\localtime.cpp">
      <Filter>appcrt\time</Filter>
    </ClCompile>
    <ClCompile Include="appcrt\time\mktime.cpp">
      <Filter>appcrt\time</Filter>
    </ClCompile>
    <ClCompile Include="appcrt\time\clock.cpp">
      <Filter>appcrt\time</Filter>
    </ClCompile>
    <ClCompile Include="appcrt\time\wcsftime.cpp">
      <Filter>appcrt\time</Filter>
    </ClCompile>
    <ClCompile Include="appcrt\time\tzset.cpp">
      <Filter>appcrt\time</Filter>
    </ClCompile>
    <ClCompile Include="appcrt\time\utime.cpp">
      <Filter>appcrt\time</Filter>
    </ClCompile>
    <ClCompile Include="appcrt\time\strdate.cpp">
      <Filter>appcrt\time</Filter>
    </ClCompile>
    <ClCompile Include="appcrt\time\strftime.cpp">
      <Filter>appcrt\time</Filter>
    </ClCompile>
    <ClCompile Include="appcrt\time\strtime.cpp">
      <Filter>appcrt\time</Filter>
    </ClCompile>
    <ClCompile Include="appcrt\time\time.cpp">
      <Filter>appcrt\time</Filter>
    </ClCompile>
    <ClCompile Include="appcrt\time\timeset.cpp">
      <Filter>appcrt\time</Filter>
    </ClCompile>
    <ClCompile Include="appcrt\lowio\chsize.cpp">
      <Filter>appcrt\lowio</Filter>
    </ClCompile>
    <ClCompile Include="appcrt\stdio\fseek.cpp">
      <Filter>appcrt\stdio</Filter>
    </ClCompile>
    <ClCompile Include="appcrt\convert\atof.cpp">
      <Filter>appcrt\convert</Filter>
    </ClCompile>
    <ClCompile Include="appcrt\convert\atox.cpp">
      <Filter>appcrt\convert</Filter>
    </ClCompile>
    <ClCompile Include="appcrt\locale\initnum.cpp">
      <Filter>appcrt\locale</Filter>
    </ClCompile>
    <ClCompile Include="appcrt\string\wcscpy_s.cpp">
      <Filter>appcrt\string</Filter>
    </ClCompile>
    <ClCompile Include="appcrt\string\wcscat_s.cpp">
      <Filter>appcrt\string</Filter>
    </ClCompile>
    <ClCompile Include="appcrt\convert\tolower_toupper.cpp">
      <Filter>appcrt\convert</Filter>
    </ClCompile>
    <ClCompile Include="appcrt\convert\towlower.cpp">
      <Filter>appcrt\convert</Filter>
    </ClCompile>
    <ClCompile Include="appcrt\heap\new_handler.cpp">
      <Filter>appcrt\heap</Filter>
    </ClCompile>
    <ClCompile Include="appcrt\internal\string_utilities.cpp">
      <Filter>appcrt\internal</Filter>
    </ClCompile>
    <ClCompile Include="appcrt\misc\strerror.cpp">
      <Filter>appcrt\misc</Filter>
    </ClCompile>
    <ClCompile Include="appcrt\convert\strtod.cpp">
      <Filter>appcrt\convert</Filter>
    </ClCompile>
    <ClCompile Include="appcrt\convert\strtox.cpp">
      <Filter>appcrt\convert</Filter>
    </ClCompile>
    <ClCompile Include="appcrt\string\strcat_s.cpp">
      <Filter>appcrt\string</Filter>
    </ClCompile>
    <ClCompile Include="appcrt\string\strcpy_s.cpp">
      <Filter>appcrt\string</Filter>
    </ClCompile>
    <ClCompile Include="appcrt\string\strdup.cpp">
      <Filter>appcrt\string</Filter>
    </ClCompile>
    <ClCompile Include="appcrt\string\strncat_s.cpp">
      <Filter>appcrt\string</Filter>
    </ClCompile>
    <ClCompile Include="appcrt\string\strncnt.cpp">
      <Filter>appcrt\string</Filter>
    </ClCompile>
    <ClCompile Include="appcrt\string\strncpy_s.cpp">
      <Filter>appcrt\string</Filter>
    </ClCompile>
    <ClCompile Include="appcrt\string\strnicmp.cpp">
      <Filter>appcrt\string</Filter>
    </ClCompile>
    <ClCompile Include="appcrt\string\strnicol.cpp">
      <Filter>appcrt\string</Filter>
    </ClCompile>
    <ClCompile Include="appcrt\string\strnlen.cpp">
      <Filter>appcrt\string</Filter>
    </ClCompile>
    <ClCompile Include="appcrt\mbstring\mbctype.cpp">
      <Filter>appcrt\mbstring</Filter>
    </ClCompile>
    <ClCompile Include="appcrt\convert\xtoa.cpp">
      <Filter>appcrt\convert</Filter>
    </ClCompile>
    <ClCompile Include="appcrt\stdio\output.cpp">
      <Filter>appcrt\stdio</Filter>
    </ClCompile>
    <ClCompile Include="appcrt\locale\CompareStringA.cpp">
      <Filter>appcrt\locale</Filter>
    </ClCompile>
    <ClCompile Include="appcrt\locale\CompareStringW.cpp">
      <Filter>appcrt\locale</Filter>
    </ClCompile>
    <ClCompile Include="appcrt\time\loctotime.cpp">
      <Filter>appcrt\time</Filter>
    </ClCompile>
    <ClCompile Include="appcrt\internal\locks.cpp">
      <Filter>appcrt\internal</Filter>
    </ClCompile>
    <ClCompile Include="appcrt\internal\report_runtime_error.cpp">
      <Filter>appcrt\internal</Filter>
    </ClCompile>
    <ClCompile Include="appcrt\internal\shared_initialization.cpp">
      <Filter>appcrt\internal</Filter>
    </ClCompile>
    <ClCompile Include="appcrt\internal\winapi_downlevel.cpp">
      <Filter>appcrt\internal</Filter>
    </ClCompile>
    <ClCompile Include="appcrt\internal\winapi_nonmsdk.cpp">
      <Filter>appcrt\internal</Filter>
    </ClCompile>
    <ClCompile Include="appcrt\startup\initterm_data.cpp">
      <Filter>appcrt\startup</Filter>
    </ClCompile>
    <ClCompile Include="appcrt\startup\initterm.cpp">
      <Filter>appcrt\startup</Filter>
    </ClCompile>
    <ClCompile Include="appcrt\startup\abort.cpp">
      <Filter>appcrt\startup</Filter>
    </ClCompile>
    <ClCompile Include="appcrt\startup\argv_data.cpp">
      <Filter>appcrt\startup</Filter>
    </ClCompile>
    <ClCompile Include="appcrt\startup\assert.cpp">
      <Filter>appcrt\startup</Filter>
    </ClCompile>
    <ClCompile Include="appcrt\startup\exit.cpp">
      <Filter>appcrt\startup</Filter>
    </ClCompile>
    <ClCompile Include="appcrt\lowio\ioinit.cpp">
      <Filter>appcrt\lowio</Filter>
    </ClCompile>
    <ClCompile Include="appcrt\locale\inittime.cpp">
      <Filter>appcrt\locale</Filter>
    </ClCompile>
    <ClCompile Include="appcrt\locale\initmon.cpp">
      <Filter>appcrt\locale</Filter>
    </ClCompile>
    <ClCompile Include="appcrt\misc\dbgrpt.cpp">
      <Filter>appcrt\misc\_DEBUG</Filter>
    </ClCompile>
    <ClCompile Include="appcrt\misc\dbgrptt.cpp">
      <Filter>appcrt\misc\_DEBUG</Filter>
    </ClCompile>
    <ClCompile Include="appcrt\heap\heap_handle.cpp">
      <Filter>appcrt\heap</Filter>
    </ClCompile>
    <ClCompile Include="appcrt\misc\invalid_parameter.cpp">
      <Filter>appcrt\misc</Filter>
    </ClCompile>
    <ClCompile Include="appcrt\stdlib\rand.cpp">
      <Filter>appcrt\stdlib</Filter>
    </ClCompile>
    <ClCompile Include="appcrt\stdlib\qsort.cpp">
      <Filter>appcrt\stdlib</Filter>
    </ClCompile>
    <ClCompile Include="appcrt\filesystem\unlink.cpp">
      <Filter>appcrt\filesystem</Filter>
    </ClCompile>
    <ClCompile Include="appcrt\filesystem\wunlink.cpp">
      <Filter>appcrt\filesystem</Filter>
    </ClCompile>
    <ClCompile Include="appcrt\filesystem\access.cpp">
      <Filter>appcrt\filesystem</Filter>
    </ClCompile>
    <ClCompile Include="appcrt\filesystem\findfile.cpp">
      <Filter>appcrt\filesystem</Filter>
    </ClCompile>
    <ClCompile Include="appcrt\filesystem\fullpath.cpp">
      <Filter>appcrt\filesystem</Filter>
    </ClCompile>
    <ClCompile Include="appcrt\filesystem\chmod.cpp">
      <Filter>appcrt\filesystem</Filter>
    </ClCompile>
    <ClCompile Include="appcrt\filesystem\stat.cpp">
      <Filter>appcrt\filesystem</Filter>
    </ClCompile>
    <ClCompile Include="appcrt\filesystem\splitpath.cpp">
      <Filter>appcrt\filesystem</Filter>
    </ClCompile>
    <ClCompile Include="appcrt\stdio\stream.cpp">
      <Filter>appcrt\stdio</Filter>
    </ClCompile>
    <ClCompile Include="appcrt\stdlib\rand_s.cpp">
      <Filter>appcrt\stdlib</Filter>
    </ClCompile>
    <ClCompile Include="appcrt\locale\nlsdata.cpp">
      <Filter>appcrt\locale</Filter>
    </ClCompile>
    <ClCompile Include="appcrt\stdio\fputc.cpp">
      <Filter>appcrt\stdio</Filter>
    </ClCompile>
    <ClCompile Include="appcrt\stdio\fputs.cpp">
      <Filter>appcrt\stdio</Filter>
    </ClCompile>
    <ClCompile Include="appcrt\stdio\feoferr.cpp">
      <Filter>appcrt\stdio</Filter>
    </ClCompile>
    <ClCompile Include="appcrt\locale\ctype.cpp">
      <Filter>appcrt\locale</Filter>
    </ClCompile>
    <ClCompile Include="gs\gs_cookie.c">
      <Filter>gs</Filter>
    </ClCompile>
    <ClCompile Include="gs\gs_report.c">
      <Filter>gs</Filter>
    </ClCompile>
    <ClCompile Include="gs\gs_support.c">
      <Filter>gs</Filter>
    </ClCompile>
    <ClCompile Include="appcrt\convert\_ctype.cpp">
      <Filter>appcrt\convert</Filter>
    </ClCompile>
    <ClCompile Include="appcrt\convert\_wctype.cpp">
      <Filter>appcrt\convert</Filter>
    </ClCompile>
    <ClCompile Include="appcrt\stdio\_sftbuf.cpp">
      <Filter>appcrt\stdio</Filter>
    </ClCompile>
    <ClCompile Include="appcrt\stdio\_getbuf.cpp">
      <Filter>appcrt\stdio</Filter>
    </ClCompile>
    <ClCompile Include="appcrt\stdio\fclose.cpp">
      <Filter>appcrt\stdio</Filter>
    </ClCompile>
    <ClCompile Include="appcrt\stdio\fdopen.cpp">
      <Filter>appcrt\stdio</Filter>
    </ClCompile>
    <ClCompile Include="appcrt\stdio\fflush.cpp">
      <Filter>appcrt\stdio</Filter>
    </ClCompile>
    <ClCompile Include="appcrt\stdio\fgetc.cpp">
      <Filter>appcrt\stdio</Filter>
    </ClCompile>
    <ClCompile Include="appcrt\stdio\fgetpos.cpp">
      <Filter>appcrt\stdio</Filter>
    </ClCompile>
    <ClCompile Include="appcrt\stdio\fgetwc.cpp">
      <Filter>appcrt\stdio</Filter>
    </ClCompile>
    <ClCompile Include="appcrt\convert\_fptostr.cpp">
      <Filter>appcrt\convert</Filter>
    </ClCompile>
    <ClCompile Include="appcrt\stdio\_freebuf.cpp">
      <Filter>appcrt\stdio</Filter>
    </ClCompile>
    <ClCompile Include="appcrt\startup\onexit.cpp">
      <Filter>appcrt\startup</Filter>
    </ClCompile>
    <ClCompile Include="appcrt\stdio\fputwc.cpp">
      <Filter>appcrt\stdio</Filter>
    </ClCompile>
    <ClCompile Include="appcrt\stdio\fsetpos.cpp">
      <Filter>appcrt\stdio</Filter>
    </ClCompile>
    <ClCompile Include="appcrt\string\wcsncpy.cpp">
      <Filter>appcrt\string</Filter>
    </ClCompile>
    <ClCompile Include="appcrt\string\wcsncpy_s.cpp">
      <Filter>appcrt\string</Filter>
    </ClCompile>
    <ClCompile Include="appcrt\stdio\closeall.cpp">
      <Filter>appcrt\stdio</Filter>
    </ClCompile>
    <ClCompile Include="appcrt\misc\getpid.cpp">
      <Filter>appcrt\misc</Filter>
    </ClCompile>
    <ClCompile Include="appcrt\misc\exception_filter.cpp">
      <Filter>appcrt\misc</Filter>
    </ClCompile>
    <ClCompile Include="appcrt\misc\errno.cpp">
      <Filter>appcrt\misc</Filter>
    </ClCompile>
    <ClCompile Include="appcrt\convert\cfout.cpp">
      <Filter>appcrt\convert</Filter>
    </ClCompile>
    <ClCompile Include="appcrt\stdio\openfile.cpp">
      <Filter>appcrt\stdio</Filter>
    </ClCompile>
    <ClCompile Include="appcrt\locale\lcidtoname_downlevel.cpp">
      <Filter>appcrt\locale</Filter>
    </ClCompile>
    <ClCompile Include="appcrt\locale\LCMapStringA.cpp">
      <Filter>appcrt\locale</Filter>
    </ClCompile>
    <ClCompile Include="appcrt\locale\LCMapStringW.cpp">
      <Filter>appcrt\locale</Filter>
    </ClCompile>
    <ClCompile Include="appcrt\locale\locale_refcounting.cpp">
      <Filter>appcrt\locale</Filter>
    </ClCompile>
    <ClCompile Include="appcrt\locale\locale_update.cpp">
      <Filter>appcrt\locale</Filter>
    </ClCompile>
    <ClCompile Include="appcrt\locale\localeconv.cpp">
      <Filter>appcrt\locale</Filter>
    </ClCompile>
    <ClCompile Include="appcrt\stdio\fileno.cpp">
      <Filter>appcrt\stdio</Filter>
    </ClCompile>
    <ClCompile Include="appcrt\stdio\fopen.cpp">
      <Filter>appcrt\stdio</Filter>
    </ClCompile>
    <ClCompile Include="appcrt\stdio\_file.cpp">
      <Filter>appcrt\stdio</Filter>
    </ClCompile>
    <ClCompile Include="appcrt\locale\glstatus.cpp">
      <Filter>appcrt\locale</Filter>
    </ClCompile>
    <ClCompile Include="appcrt\locale\wsetlocale.cpp">
      <Filter>appcrt\locale</Filter>
    </ClCompile>
    <ClCompile Include="appcrt\lowio\lseek.cpp">
      <Filter>appcrt\lowio</Filter>
    </ClCompile>
    <ClCompile Include="appcrt\convert\cvt.cpp">
      <Filter>appcrt\convert</Filter>
    </ClCompile>
    <ClCompile Include="appcrt\convert\fp_flags.cpp">
      <Filter>appcrt\convert</Filter>
    </ClCompile>
    <ClCompile Include="appcrt\stdio\ungetc.cpp">
      <Filter>appcrt\stdio</Filter>
    </ClCompile>
    <ClCompile Include="appcrt\stdio\ungetwc.cpp">
      <Filter>appcrt\stdio</Filter>
    </ClCompile>
    <ClCompile Include="appcrt\filesystem\waccess.cpp">
      <Filter>appcrt\filesystem</Filter>
    </ClCompile>
    <ClCompile Include="appcrt\string\wcsnicol.cpp">
      <Filter>appcrt\string</Filter>
    </ClCompile>
    <ClCompile Include="appcrt\string\wcsncmp.cpp">
      <Filter>appcrt\string</Filter>
    </ClCompile>
    <ClCompile Include="appcrt\string\wcsncat_s.cpp">
      <Filter>appcrt\string</Filter>
    </ClCompile>
    <ClCompile Include="appcrt\string\wcsicmp.cpp">
      <Filter>appcrt\string</Filter>
    </ClCompile>
    <ClCompile Include="appcrt\string\wcsdup.cpp">
      <Filter>appcrt\string</Filter>
    </ClCompile>
    <ClCompile Include="appcrt\string\wcscspn.cpp">
      <Filter>appcrt\string</Filter>
    </ClCompile>
    <ClCompile Include="appcrt\startup\argv_parsing.cpp">
      <Filter>appcrt\startup</Filter>
    </ClCompile>
    <ClCompile Include="appcrt\startup\argv_wildcards.cpp">
      <Filter>appcrt\startup</Filter>
    </ClCompile>
    <ClCompile Include="appcrt\locale\GetLocaleInfoA.cpp">
      <Filter>appcrt\locale</Filter>
    </ClCompile>
    <ClCompile Include="appcrt\lowio\commit.cpp">
      <Filter>appcrt\lowio</Filter>
    </ClCompile>
    <ClCompile Include="appcrt\lowio\txtmode.cpp">
      <Filter>appcrt\lowio</Filter>
    </ClCompile>
    <ClCompile Include="appcrt\lowio\umask.cpp">
      <Filter>appcrt\lowio</Filter>
    </ClCompile>
    <ClCompile Include="appcrt\locale\GetStringTypeA.cpp">
      <Filter>appcrt\locale</Filter>
    </ClCompile>
    <ClCompile Include="appcrt\locale\setlocale.cpp">
      <Filter>appcrt\locale</Filter>
    </ClCompile>
    <ClCompile Include="appcrt\convert\mbstowcs.cpp">
      <Filter>appcrt\convert</Filter>
    </ClCompile>
    <ClCompile Include="appcrt\convert\mbtowc.cpp">
      <Filter>appcrt\convert</Filter>
    </ClCompile>
    <ClCompile Include="appcrt\convert\wcstombs.cpp">
      <Filter>appcrt\convert</Filter>
    </ClCompile>
    <ClCompile Include="appcrt\convert\wctomb.cpp">
      <Filter>appcrt\convert</Filter>
    </ClCompile>
    <ClCompile Include="appcrt\string\wcspbrk.cpp">
      <Filter>appcrt\string</Filter>
    </ClCompile>
    <ClCompile Include="appcrt\string\wcsnicmp.cpp">
      <Filter>appcrt\string</Filter>
    </ClCompile>
    <ClCompile Include="appcrt\misc\syserr.cpp">
      <Filter>appcrt\misc</Filter>
    </ClCompile>
    <ClCompile Include="appcrt\misc\set_error_mode.cpp">
      <Filter>appcrt\misc</Filter>
    </ClCompile>
    <ClCompile Include="appcrt\stdio\setvbuf.cpp">
      <Filter>appcrt\stdio</Filter>
    </ClCompile>
    <ClCompile Include="appcrt\lowio\setmode.cpp">
      <Filter>appcrt\lowio</Filter>
    </ClCompile>
    <ClCompile Include="appcrt\stdio\printf_count_output.cpp">
      <Filter>appcrt\stdio</Filter>
    </ClCompile>
    <ClCompile Include="appcrt\stdio\input.cpp">
      <Filter>appcrt\stdio</Filter>
    </ClCompile>
    <ClCompile Include="appcrt\locale\getqloc_downlevel.cpp">
      <Filter>appcrt\locale</Filter>
    </ClCompile>
    <ClCompile Include="appcrt\locale\get_qualified_locale.cpp">
      <Filter>appcrt\locale</Filter>
    </ClCompile>
    <ClCompile Include="appcrt\internal\per_thread_data.cpp">
      <Filter>appcrt\internal</Filter>
    </ClCompile>
    <ClCompile Include="appcrt\mbstring\mbscspn.cpp">
      <Filter>appcrt\mbstring</Filter>
    </ClCompile>
    <ClCompile Include="appcrt\string\memcpy_s.cpp">
      <Filter>appcrt\string</Filter>
    </ClCompile>
    <ClCompile Include="appcrt\stdio\ncommode.cpp">
      <Filter>appcrt\stdio</Filter>
    </ClCompile>
    <ClCompile Include="appcrt\misc\crtmbox.cpp">
      <Filter>appcrt\misc</Filter>
    </ClCompile>
    <ClCompile Include="appcrt\mbstring\mbsrchr.cpp">
      <Filter>appcrt\mbstring</Filter>
    </ClCompile>
    <ClCompile Include="appcrt\locale\lconv_unsigned_char_initialization.cpp">
      <Filter>appcrt\locale</Filter>
    </ClCompile>
    <ClCompile Include="appcrt\convert\iswctype.cpp">
      <Filter>appcrt\convert</Filter>
    </ClCompile>
    <ClCompile Include="appcrt\mbstring\mbspbrk.cpp">
      <Filter>appcrt\mbstring</Filter>
    </ClCompile>
    <ClCompile Include="appcrt\locale\initctype.cpp">
      <Filter>appcrt\locale</Filter>
    </ClCompile>
    <ClCompile Include="appcrt\filesystem\wchmod.cpp">
      <Filter>appcrt\filesystem</Filter>
    </ClCompile>
    <ClCompile Include="appcrt\misc\signal.cpp">
      <Filter>appcrt\misc</Filter>
    </ClCompile>
    <ClCompile Include="vcruntime\purevirt_data.cpp">
      <Filter>vcruntime</Filter>
    </ClCompile>
    <ClCompile Include="tls\tlsdyn.cpp">
      <Filter>tls</Filter>
    </ClCompile>
    <ClCompile Include="tls\dyn_tls_dtor.c">
      <Filter>tls</Filter>
    </ClCompile>
    <ClCompile Include="eh\std_type_info_static.cpp">
      <Filter>eh</Filter>
    </ClCompile>
    <ClCompile Include="appcrt\stdlib\lldiv.cpp">
      <Filter>appcrt\stdlib</Filter>
    </ClCompile>
    <ClCompile Include="..\..\SRC\el\c++rt\c-tcmalloc-helper.c">
      <Filter>Source Files</Filter>
    </ClCompile>
    <ClCompile Include="appcrt\misc\debug_fill_threshold.cpp">
      <Filter>appcrt\misc\_DEBUG</Filter>
    </ClCompile>
    <ClCompile Include="desktopcrt\thread.cpp">
      <Filter>desktopcrt</Filter>
    </ClCompile>
    <ClCompile Include="appcrt\tran\_values.c">
      <Filter>appcrt\tran</Filter>
    </ClCompile>
    <ClCompile Include="appcrt\tran\nan.c">
      <Filter>appcrt\tran</Filter>
    </ClCompile>
    <ClCompile Include="desktopcrt\exec\system.cpp">
      <Filter>desktopcrt\exec</Filter>
    </ClCompile>
    <ClCompile Include="desktopcrt\exec\spawnv.cpp">
      <Filter>desktopcrt\exec</Filter>
    </ClCompile>
    <ClCompile Include="desktopcrt\exec\spawnvp.cpp">
      <Filter>desktopcrt\exec</Filter>
    </ClCompile>
    <ClCompile Include="desktopcrt\exec\cenvarg.cpp">
      <Filter>desktopcrt\exec</Filter>
    </ClCompile>
    <ClCompile Include="eh\rtti.cpp">
      <Filter>eh</Filter>
    </ClCompile>
    <ClCompile Include="eh\std_exception.cpp">
      <Filter>eh</Filter>
    </ClCompile>
    <ClCompile Include="appcrt\stdio\clearerr.cpp">
      <Filter>appcrt\stdio</Filter>
    </ClCompile>
    <ClCompile Include="appcrt\stdio\fgets.cpp">
      <Filter>appcrt\stdio</Filter>
    </ClCompile>
    <ClCompile Include="appcrt\stdio\puts.cpp">
      <Filter>appcrt\stdio</Filter>
    </ClCompile>
    <ClCompile Include="appcrt\stdio\rewind.cpp">
      <Filter>appcrt\stdio</Filter>
    </ClCompile>
    <ClCompile Include="appcrt\stdio\setbuf.cpp">
      <Filter>appcrt\stdio</Filter>
    </ClCompile>
    <ClCompile Include="appcrt\string\strtok.cpp">
      <Filter>appcrt\string</Filter>
    </ClCompile>
    <ClCompile Include="appcrt\string\strtok_s.cpp">
      <Filter>appcrt\string</Filter>
    </ClCompile>
    <ClCompile Include="desktopcrt\conio\getch.cpp">
      <Filter>desktopcrt\conio</Filter>
    </ClCompile>
    <ClCompile Include="appcrt\string\stricmp.cpp">
      <Filter>appcrt\string</Filter>
    </ClCompile>
    <ClCompile Include="desktopcrt\conio\initconin.cpp">
      <Filter>desktopcrt\conio</Filter>
    </ClCompile>
    <ClCompile Include="appcrt\lowio\locking.cpp">
      <Filter>appcrt\lowio</Filter>
    </ClCompile>
    <ClCompile Include="appcrt\filesystem\mkdir.cpp">
      <Filter>appcrt\filesystem</Filter>
    </ClCompile>
    <ClCompile Include="appcrt\filesystem\rename.cpp">
      <Filter>appcrt\filesystem</Filter>
    </ClCompile>
    <ClCompile Include="appcrt\filesystem\wrename.cpp">
      <Filter>appcrt\filesystem</Filter>
    </ClCompile>
    <ClCompile Include="appcrt\filesystem\wmkdir.cpp">
      <Filter>appcrt\filesystem</Filter>
    </ClCompile>
    <ClCompile Include="appcrt\startup\argv_winmain.cpp">
      <Filter>appcrt\startup</Filter>
    </ClCompile>
    <ClCompile Include="appcrt\tran\fegetexceptflag.c">
      <Filter>appcrt\tran</Filter>
    </ClCompile>
    <ClCompile Include="appcrt\tran\fetestexcept.c">
      <Filter>appcrt\tran</Filter>
    </ClCompile>
    <ClCompile Include="appcrt\tran\feclearexcept.c">
      <Filter>appcrt\tran</Filter>
    </ClCompile>
    <ClCompile Include="appcrt\tran\i386\87except.c">
      <Filter>appcrt\tran\i386</Filter>
    </ClCompile>
    <ClCompile Include="appcrt\tran\fpexcept.c">
      <Filter>appcrt\tran</Filter>
    </ClCompile>
    <ClCompile Include="\SRC\el\stl\vector.cpp">
      <Filter>stl</Filter>
    </ClCompile>
    <ClCompile Include="\SRC\el\stl\list.cpp">
      <Filter>stl</Filter>
    </ClCompile>
    <ClCompile Include="vcruntime\default_precision.cpp">
      <Filter>vcruntime\x86</Filter>
    </ClCompile>
    <ClCompile Include="\src\el\c++rt\fp\ieee87.c">
      <Filter>Source Files\fp\x86</Filter>
    </ClCompile>
    <ClCompile Include="amd64\wcschr.c">
      <Filter>amd64</Filter>
    </ClCompile>
    <ClCompile Include="eh\amd64\chandler.c">
      <Filter>eh\amd64</Filter>
    </ClCompile>
    <ClCompile Include="amd64\strrchr.c">
      <Filter>amd64</Filter>
    </ClCompile>
    <ClCompile Include="amd64\strchr.c">
      <Filter>amd64</Filter>
    </ClCompile>
    <ClCompile Include="vcruntime\memchr.c">
      <Filter>vcruntime</Filter>
    </ClCompile>
    <ClCompile Include="amd64\cpu_disp.c">
      <Filter>amd64</Filter>
    </ClCompile>
    <ClCompile Include="amd64\wcsrchr.c">
      <Filter>amd64</Filter>
    </ClCompile>
    <ClCompile Include="vcruntime\strcspn.c">
      <Filter>vcruntime</Filter>
    </ClCompile>
    <ClCompile Include="vcruntime\strpbrk.c">
      <Filter>vcruntime</Filter>
    </ClCompile>
    <ClCompile Include="amd64\strstr.c">
      <Filter>amd64</Filter>
    </ClCompile>
    <ClCompile Include="amd64\wcsstr.c">
      <Filter>amd64</Filter>
    </ClCompile>
    <ClCompile Include="vcruntime\strspn.c">
      <Filter>vcruntime</Filter>
    </ClCompile>
    <ClCompile Include="gs\amd64\gshandler.c">
      <Filter>gs\amd64</Filter>
    </ClCompile>
    <ClCompile Include="appcrt\tran\_test.c">
      <Filter>appcrt\tran</Filter>
    </ClCompile>
    <ClCompile Include="appcrt\string\wcslen.cpp">
      <Filter>appcrt\string</Filter>
    </ClCompile>
    <ClCompile Include="rtc\init.cpp">
      <Filter>rtc</Filter>
    </ClCompile>
    <ClCompile Include="rtc\stack.cpp">
      <Filter>rtc</Filter>
    </ClCompile>
    <ClCompile Include="rtc\userapi.cpp">
      <Filter>rtc</Filter>
    </ClCompile>
    <ClCompile Include="appcrt\stdlib\bsearch.cpp">
      <Filter>appcrt\stdlib</Filter>
    </ClCompile>
    <ClCompile Include="appcrt\initializers\stdio_initializer.cpp">
      <Filter>appcrt\initializers</Filter>
    </ClCompile>
    <ClCompile Include="appcrt\initializers\clock_initializer.cpp">
      <Filter>appcrt\initializers</Filter>
    </ClCompile>
    <ClCompile Include="appcrt\tran\fegetround.c">
      <Filter>appcrt\tran</Filter>
    </ClCompile>
    <ClCompile Include="appcrt\initializers\locale_initializer.cpp">
      <Filter>appcrt\initializers</Filter>
    </ClCompile>
    <ClCompile Include="vcruntime\dyn_tls_init.c">
      <Filter>vcruntime</Filter>
    </ClCompile>
    <ClCompile Include="appcrt\filesystem\getfullpathname_app.cpp">
      <Filter>appcrt\filesystem</Filter>
    </ClCompile>
    <ClCompile Include="appcrt\heap\realloc.cpp">
      <Filter>appcrt\heap\std-malloc</Filter>
    </ClCompile>
    <ClCompile Include="appcrt\heap\malloc.cpp">
      <Filter>appcrt\heap\std-malloc</Filter>
    </ClCompile>
    <ClCompile Include="appcrt\heap\free_base.cpp">
      <Filter>appcrt\heap\std-malloc</Filter>
    </ClCompile>
    <ClCompile Include="appcrt\heap\malloc_base.cpp">
      <Filter>appcrt\heap\std-malloc</Filter>
    </ClCompile>
    <ClCompile Include="appcrt\heap\calloc_base.cpp">
      <Filter>appcrt\heap\std-malloc</Filter>
    </ClCompile>
    <ClCompile Include="appcrt\heap\realloc_base.cpp">
      <Filter>appcrt\heap\std-malloc</Filter>
    </ClCompile>
    <ClCompile Include="appcrt\heap\msize.cpp">
      <Filter>appcrt\heap\std-malloc</Filter>
    </ClCompile>
    <ClCompile Include="appcrt\heap\align.cpp">
      <Filter>appcrt\heap\std-malloc</Filter>
    </ClCompile>
    <ClCompile Include="appcrt\heap\expand.cpp">
      <Filter>appcrt\heap\std-malloc</Filter>
    </ClCompile>
    <ClCompile Include="appcrt\heap\debug_heap.cpp">
      <Filter>appcrt\heap\std-malloc</Filter>
    </ClCompile>
    <ClCompile Include="appcrt\heap\recalloc.cpp">
      <Filter>appcrt\heap\std-malloc</Filter>
    </ClCompile>
    <ClCompile Include="tls\tlsdtor.cpp">
      <Filter>tls</Filter>
    </ClCompile>
    <ClCompile Include="..\..\SRC\el\stl\xtree.cpp">
      <Filter>stl</Filter>
    </ClCompile>
    <ClCompile Include="appcrt\tran\i386\ceil.c">
      <Filter>appcrt\tran\x86x64</Filter>
    </ClCompile>
    <ClCompile Include="appcrt\string\wcscmp.cpp">
      <Filter>appcrt\string</Filter>
    </ClCompile>
    <ClCompile Include="appcrt\stdio\setmaxf.cpp">
      <Filter>appcrt\stdio</Filter>
    </ClCompile>
    <ClCompile Include="startup\dll_dllmain.cpp">
      <Filter>startup</Filter>
    </ClCompile>
    <ClCompile Include="startup\utility_static.cpp">
      <Filter>startup</Filter>
    </ClCompile>
    <ClCompile Include="appcrt\initializers\multibyte_initializer.cpp">
      <Filter>appcrt\initializers</Filter>
    </ClCompile>
    <ClCompile Include="appcrt\stdio\freopen.cpp">
      <Filter>appcrt\stdio</Filter>
    </ClCompile>
    <ClCompile Include="appcrt\misc\perror.cpp">
      <Filter>appcrt\misc</Filter>
    </ClCompile>
    <ClCompile Include="startup\exe_main.cpp">
      <Filter>startup</Filter>
    </ClCompile>
    <ClCompile Include="stl\xtime.c">
      <Filter>stl</Filter>
    </ClCompile>
    <ClCompile Include="stl\vc++helpers.cpp">
      <Filter>stl</Filter>
    </ClCompile>
    <ClCompile Include="appcrt\locale\lconv_unsigned_char.cpp">
      <Filter>appcrt\locale</Filter>
    </ClCompile>
    <ClCompile Include="appcrt\misc\terminate.cpp">
      <Filter>appcrt\misc</Filter>
    </ClCompile>
    <ClCompile Include="appcrt\internal\acrt_initialization.cpp">
      <Filter>appcrt\internal</Filter>
    </ClCompile>
    <ClCompile Include="appcrt\startup\thread.cpp">
      <Filter>appcrt\startup</Filter>
    </ClCompile>
    <ClCompile Include="desktopcrt\env\environment_initialization.cpp">
      <Filter>desktopcrt\env</Filter>
    </ClCompile>
    <ClCompile Include="desktopcrt\env\get_environment_from_os.cpp">
      <Filter>desktopcrt\env</Filter>
    </ClCompile>
    <ClCompile Include="desktopcrt\env\getenv.cpp">
      <Filter>desktopcrt\env</Filter>
    </ClCompile>
    <ClCompile Include="desktopcrt\env\getpath.cpp">
      <Filter>desktopcrt\env</Filter>
    </ClCompile>
    <ClCompile Include="desktopcrt\env\setenv.cpp">
      <Filter>desktopcrt\env</Filter>
    </ClCompile>
    <ClCompile Include="desktopcrt\conio\putch.cpp">
      <Filter>desktopcrt\conio</Filter>
    </ClCompile>
    <ClCompile Include="desktopcrt\conio\putwch.cpp">
      <Filter>desktopcrt\conio</Filter>
    </ClCompile>
    <ClCompile Include="desktopcrt\conio\popen.cpp">
      <Filter>desktopcrt\conio</Filter>
    </ClCompile>
    <ClCompile Include="appcrt\internal\winapi_thunks.cpp">
      <Filter>appcrt\internal</Filter>
    </ClCompile>
    <ClCompile Include="appcrt\tran\matherr.cpp">
      <Filter>appcrt\tran</Filter>
    </ClCompile>
    <ClCompile Include="eh\unexpected.cpp">
      <Filter>eh</Filter>
    </ClCompile>
    <ClCompile Include="vcruntime\std_type_info.cpp">
      <Filter>vcruntime</Filter>
    </ClCompile>
    <ClCompile Include="eh\tncleanup.cpp">
      <Filter>eh</Filter>
    </ClCompile>
    <ClCompile Include="defaults\default_local_stdio_options.cpp">
      <Filter>defaults</Filter>
    </ClCompile>
    <ClCompile Include="startup\dll_dllmain_stub.cpp">
      <Filter>startup</Filter>
    </ClCompile>
    <ClCompile Include="startup\exe_wwinmain.cpp">
      <Filter>startup</Filter>
    </ClCompile>
    <ClCompile Include="misc\guard_support.c">
      <Filter>misc</Filter>
    </ClCompile>
    <ClCompile Include="eh\uncaught.cpp">
      <Filter>eh</Filter>
    </ClCompile>
    <ClCompile Include="vcruntime\delete_scalar_size.cpp">
      <Filter>vcruntime</Filter>
    </ClCompile>
    <ClCompile Include="vcruntime\delete_array_size.cpp">
      <Filter>vcruntime</Filter>
    </ClCompile>
    <ClCompile Include="vcruntime\ucrt_detection.c">
      <Filter>vcruntime</Filter>
    </ClCompile>
    <ClCompile Include="misc\telemetry.cpp">
      <Filter>misc</Filter>
    </ClCompile>
    <ClCompile Include="..\..\SRC\el\crt\write.cpp">
      <Filter>Source Files\replacements</Filter>
    </ClCompile>
    <ClCompile Include="..\..\SRC\el\crt\fputwc.cpp">
      <Filter>Source Files\replacements</Filter>
    </ClCompile>
    <ClCompile Include="appcrt\stdio\fputws.cpp">
      <Filter>appcrt\stdio</Filter>
    </ClCompile>
    <ClCompile Include="appcrt\initializers\timeset_initializer.cpp">
      <Filter>appcrt\initializers</Filter>
    </ClCompile>
    <ClCompile Include="vcruntime\delete_scalar.cpp">
      <Filter>vcruntime</Filter>
    </ClCompile>
    <ClCompile Include="vcruntime\delete_scalar_nothrow.cpp">
      <Filter>vcruntime</Filter>
    </ClCompile>
    <ClCompile Include="vcruntime\new_scalar.cpp">
      <Filter>vcruntime</Filter>
    </ClCompile>
    <ClCompile Include="vcruntime\delete_array.cpp">
      <Filter>vcruntime</Filter>
    </ClCompile>
    <ClCompile Include="vcruntime\new_array.cpp">
      <Filter>vcruntime</Filter>
    </ClCompile>
    <ClCompile Include="vcruntime\throw_bad_alloc.cpp">
      <Filter>vcruntime</Filter>
    </ClCompile>
    <ClCompile Include="vcruntime\debugger_jmc.c">
      <Filter>vcruntime</Filter>
    </ClCompile>
    <ClCompile Include="stl\vector_algorithms.cpp">
      <Filter>stl</Filter>
    </ClCompile>
    <ClCompile Include="vcruntime\env_mode.cpp">
      <Filter>vcruntime</Filter>
    </ClCompile>
    <ClCompile Include="eh\amd64\chandler_noexcept.c">
      <Filter>eh\amd64</Filter>
    </ClCompile>
    <ClCompile Include="eh\i386\chandler3_noexcept.c">
      <Filter>eh\i386</Filter>
    </ClCompile>
    <ClCompile Include="eh\frame.cpp">
      <Filter>eh</Filter>
    </ClCompile>
    <ClCompile Include="eh\ehhelpers.cpp">
      <Filter>eh</Filter>
    </ClCompile>
    <ClCompile Include="eh\i386\trnsctrl.cpp">
      <Filter>eh\i386</Filter>
    </ClCompile>
    <ClCompile Include="eh\ehstate.cpp">
      <Filter>eh</Filter>
    </ClCompile>
    <ClCompile Include="eh\i386\chandler4.c">
      <Filter>eh\i386</Filter>
    </ClCompile>
    <ClCompile Include="eh\pesect.c">
      <Filter>eh</Filter>
    </ClCompile>
    <ClCompile Include="eh\jbcxrval.c">
      <Filter>eh</Filter>
    </ClCompile>
    <ClCompile Include="eh\risctrnsctrl.cpp">
      <Filter>eh</Filter>
    </ClCompile>
    <ClCompile Include="gs\amd64\gshandlereh.cpp">
      <Filter>gs\amd64</Filter>
    </ClCompile>
    <ClCompile Include="gs\amd64\gshandlerseh.c">
      <Filter>gs\amd64</Filter>
    </ClCompile>
    <ClCompile Include="vcruntime\new_scalar_align.cpp">
      <Filter>vcruntime</Filter>
    </ClCompile>
    <ClCompile Include="vcruntime\delete_scalar_align.cpp">
      <Filter>vcruntime</Filter>
    </ClCompile>
    <ClCompile Include="vcruntime\delete_array_size_align.cpp">
      <Filter>vcruntime</Filter>
    </ClCompile>
    <ClCompile Include="vcruntime\delete_array_align.cpp">
      <Filter>vcruntime</Filter>
    </ClCompile>
    <ClCompile Include="vcruntime\delete_scalar_size_align.cpp">
      <Filter>vcruntime</Filter>
    </ClCompile>
  </ItemGroup>
  <ItemGroup>
    <ClInclude Include="\src\el\c++rt\config-c.h">
      <Filter>Header Files</Filter>
    </ClInclude>
    <ClInclude Include="\src\el\c++rt\fp\cv.h">
      <Filter>Source Files\fp</Filter>
    </ClInclude>
    <ClInclude Include="\src\el\c++rt\fp\trans.h">
      <Filter>Source Files\fp</Filter>
    </ClInclude>
    <ClInclude Include="appcrt\corecrt_internal_strtox.h">
      <Filter>appcrt</Filter>
    </ClInclude>
    <ClInclude Include="vcruntime\undname.hxx">
      <Filter>vcruntime</Filter>
    </ClInclude>
    <ClInclude Include="thr\xtimec.h">
      <Filter>Header Files\thr</Filter>
    </ClInclude>
    <ClInclude Include="thr\xthrcommon.h">
      <Filter>Header Files</Filter>
    </ClInclude>
    <ClInclude Include="stl\wrapwin.h">
      <Filter>stl</Filter>
    </ClInclude>
    <ClInclude Include="inc\corecrt_internal_stdio_input.h">
      <Filter>inc</Filter>
    </ClInclude>
    <ClInclude Include="inc\corecrt_internal_stdio_output.h">
      <Filter>inc</Filter>
    </ClInclude>
    <ClInclude Include="inc\corecrt_internal_traits.h">
      <Filter>inc</Filter>
    </ClInclude>
    <ClInclude Include="inc\corecrt_internal_big_integer.h">
      <Filter>inc</Filter>
    </ClInclude>
    <ClInclude Include="inc\corecrt_internal_fls.h">
      <Filter>inc</Filter>
    </ClInclude>
    <ClInclude Include="inc\corecrt_internal_mbstring.h">
      <Filter>inc</Filter>
    </ClInclude>
    <ClInclude Include="inc\corecrt_internal_string_templates.h">
      <Filter>inc</Filter>
    </ClInclude>
    <ClInclude Include="inc\corecrt_internal_lowio.h">
      <Filter>inc</Filter>
    </ClInclude>
    <ClInclude Include="inc\internal_shared.h">
      <Filter>inc</Filter>
    </ClInclude>
    <ClInclude Include="inc\corecrt_internal_securecrt.h">
      <Filter>inc</Filter>
    </ClInclude>
    <ClInclude Include="inc\corecrt_internal.h">
      <Filter>inc</Filter>
    </ClInclude>
    <ClInclude Include="inc\corecrt_internal_fltintrn.h">
      <Filter>inc</Filter>
    </ClInclude>
    <ClInclude Include="inc\corecrt_internal_state_isolation.h">
      <Filter>inc</Filter>
    </ClInclude>
    <ClInclude Include="inc\corecrt_internal_stdio.h">
      <Filter>inc</Filter>
    </ClInclude>
    <ClInclude Include="inc\corecrt_internal_strtox.h">
      <Filter>inc</Filter>
    </ClInclude>
    <ClInclude Include="inc\corecrt_internal_time.h">
      <Filter>inc</Filter>
    </ClInclude>
    <ClInclude Include="inc\vcstartup_internal.h">
      <Filter>inc</Filter>
    </ClInclude>
    <ClInclude Include="..\..\SRC\el\eh\ehdata4.h">
      <Filter>eh\H</Filter>
    </ClInclude>
  </ItemGroup>
  <ItemGroup>
    <MASM Include="i386\memcpy.asm">
      <Filter>i386</Filter>
    </MASM>
    <MASM Include="appcrt\tran\i386\ftol2.asm">
      <Filter>appcrt\tran\i386</Filter>
    </MASM>
    <MASM Include="i386\strncmp.asm">
      <Filter>i386</Filter>
    </MASM>
    <MASM Include="i386\strncpy.asm">
      <Filter>i386</Filter>
    </MASM>
    <MASM Include="i386\ulldiv.asm">
      <Filter>i386</Filter>
    </MASM>
    <MASM Include="i386\ullrem.asm">
      <Filter>i386</Filter>
    </MASM>
    <MASM Include="i386\ullshr.asm">
      <Filter>i386</Filter>
    </MASM>
    <MASM Include="i386\llmul.asm">
      <Filter>i386</Filter>
    </MASM>
    <MASM Include="i386\llshl.asm">
      <Filter>i386</Filter>
    </MASM>
    <MASM Include="i386\llshr.asm">
      <Filter>i386</Filter>
    </MASM>
    <MASM Include="i386\memmove.asm">
      <Filter>i386</Filter>
    </MASM>
    <MASM Include="i386\memset.asm">
      <Filter>i386</Filter>
    </MASM>
    <MASM Include="i386\strstr.asm">
      <Filter>i386</Filter>
    </MASM>
    <MASM Include="i386\strchr.asm">
      <Filter>i386</Filter>
    </MASM>
    <MASM Include="i386\memchr.asm">
      <Filter>i386</Filter>
    </MASM>
    <MASM Include="i386\p4_memset.asm">
      <Filter>i386</Filter>
    </MASM>
    <MASM Include="i386\strrchr.asm">
      <Filter>i386</Filter>
    </MASM>
    <MASM Include="i386\_strnicm.asm">
      <Filter>i386</Filter>
    </MASM>
    <MASM Include="i386\strcspn.asm">
      <Filter>i386</Filter>
    </MASM>
    <MASM Include="tls\i386\atlssup.asm">
      <Filter>tls\i386</Filter>
    </MASM>
    <MASM Include="appcrt\tran\i386\common.asm">
      <Filter>appcrt\tran\i386</Filter>
    </MASM>
    <MASM Include="appcrt\tran\i386\pow.asm">
      <Filter>appcrt\tran\i386</Filter>
    </MASM>
    <MASM Include="appcrt\tran\i386\87fmod.asm">
      <Filter>appcrt\tran\i386</Filter>
    </MASM>
    <MASM Include="appcrt\tran\i386\sqrt.asm">
      <Filter>appcrt\tran\i386</Filter>
    </MASM>
    <MASM Include="appcrt\tran\i386\sin.asm">
      <Filter>appcrt\tran\i386</Filter>
    </MASM>
    <MASM Include="appcrt\tran\i386\cos.asm">
      <Filter>appcrt\tran\i386</Filter>
    </MASM>
    <MASM Include="appcrt\tran\i386\acos.asm">
      <Filter>appcrt\tran\i386</Filter>
    </MASM>
    <MASM Include="appcrt\tran\i386\asin.asm">
      <Filter>appcrt\tran\i386</Filter>
    </MASM>
    <MASM Include="appcrt\tran\i386\atan.asm">
      <Filter>appcrt\tran\i386</Filter>
    </MASM>
    <MASM Include="i386\strncat.asm">
      <Filter>i386</Filter>
    </MASM>
    <MASM Include="i386\strcmp.asm">
      <Filter>i386</Filter>
    </MASM>
    <MASM Include="i386\strspn.asm">
      <Filter>i386</Filter>
    </MASM>
    <MASM Include="appcrt\tran\i386\87disp.asm">
      <Filter>appcrt\tran\i386</Filter>
    </MASM>
    <MASM Include="\SRC\el\c++rt\fp\x64\control87.asm">
      <Filter>Source Files\fp\x64</Filter>
    </MASM>
    <MASM Include="amd64\memmove.asm">
      <Filter>amd64</Filter>
    </MASM>
    <MASM Include="amd64\memcpy.asm">
      <Filter>amd64</Filter>
    </MASM>
    <MASM Include="eh\amd64\jmpuwind.asm">
      <Filter>eh\amd64</Filter>
    </MASM>
    <MASM Include="amd64\chkstk.asm">
      <Filter>amd64</Filter>
    </MASM>
    <MASM Include="amd64\memset.asm">
      <Filter>amd64</Filter>
    </MASM>
    <MASM Include="\SRC\el\c++rt\fp\x64\fptrans.asm">
      <Filter>Source Files\fp\x64</Filter>
    </MASM>
    <MASM Include="amd64\strncpy.asm">
      <Filter>amd64</Filter>
    </MASM>
    <MASM Include="amd64\strncmp.asm">
      <Filter>amd64</Filter>
    </MASM>
    <MASM Include="eh\amd64\longjmp.asm">
      <Filter>eh\amd64</Filter>
    </MASM>
    <MASM Include="amd64\strcmp.asm">
      <Filter>amd64</Filter>
    </MASM>
    <MASM Include="amd64\strncat.asm">
      <Filter>amd64</Filter>
    </MASM>
    <MASM Include="appcrt\tran\i386\tran86.asm">
      <Filter>Source Files\fp\x86</Filter>
    </MASM>
    <MASM Include="gs\amd64\amdsecgs.asm">
      <Filter>gs\amd64</Filter>
    </MASM>
    <MASM Include="eh\amd64\setjmp.asm">
      <Filter>eh\amd64</Filter>
    </MASM>
    <MASM Include="eh\amd64\setjmpex.asm">
      <Filter>eh\amd64</Filter>
    </MASM>
    <MASM Include="i386\strrev.asm">
      <Filter>i386</Filter>
    </MASM>
    <MASM Include="amd64\memcmp.asm">
      <Filter>amd64</Filter>
    </MASM>
    <MASM Include="\src\el\c++rt\fp\x86x64\fptrans.asm">
      <Filter>Source Files\fp\x86</Filter>
    </MASM>
    <MASM Include="..\..\SRC\el\c++rt\fp\x86x64\x87common.asm">
      <Filter>Source Files\fp\x86x64</Filter>
    </MASM>
    <MASM Include="eh\amd64\handlers.asm">
      <Filter>eh\amd64</Filter>
    </MASM>
  </ItemGroup>
</Project>